// !$*UTF8*$!
{
	archiveVersion = 1;
	classes = {
	};
	objectVersion = 48;
	objects = {

/* Begin PBXBuildFile section */
		553B1EB72190AA8800E6B56C /* delta.png in Resources */ = {isa = PBXBuildFile; fileRef = 553B1EB62190AA8800E6B56C /* delta.png */; };
		553B1EB92190C80D00E6B56C /* man_on_cliff.jpg in Resources */ = {isa = PBXBuildFile; fileRef = 553B1EB82190C80C00E6B56C /* man_on_cliff.jpg */; };
		55827E0E218FCCAB009DE4B5 /* theta.png in Resources */ = {isa = PBXBuildFile; fileRef = 55827E0A218FCCAA009DE4B5 /* theta.png */; };
		55827E0F218FCCAB009DE4B5 /* gamma.png in Resources */ = {isa = PBXBuildFile; fileRef = 55827E0B218FCCAB009DE4B5 /* gamma.png */; };
		55827E12218FCE17009DE4B5 /* alpha.png in Resources */ = {isa = PBXBuildFile; fileRef = 55827E10218FCE17009DE4B5 /* alpha.png */; };
		55827E13218FCE17009DE4B5 /* beta.png in Resources */ = {isa = PBXBuildFile; fileRef = 55827E11218FCE17009DE4B5 /* beta.png */; };
		55827E15218FD968009DE4B5 /* background.jpg in Resources */ = {isa = PBXBuildFile; fileRef = 55827E14218FD968009DE4B5 /* background.jpg */; };
		55F33B38219093E400E7767A /* water.jpg in Resources */ = {isa = PBXBuildFile; fileRef = 55F33B34219093E200E7767A /* water.jpg */; };
		55F33B39219093E400E7767A /* space.jpg in Resources */ = {isa = PBXBuildFile; fileRef = 55F33B35219093E200E7767A /* space.jpg */; };
		55F33B3A219093E400E7767A /* wave.jpg in Resources */ = {isa = PBXBuildFile; fileRef = 55F33B36219093E300E7767A /* wave.jpg */; };
		55F33B3B219093E400E7767A /* splash.jpg in Resources */ = {isa = PBXBuildFile; fileRef = 55F33B37219093E300E7767A /* splash.jpg */; };
		55F33B3E219095B200E7767A /* flower.jpg in Resources */ = {isa = PBXBuildFile; fileRef = 55F33B3C219095B100E7767A /* flower.jpg */; };
		55F33B3F219095B200E7767A /* rocks.jpg in Resources */ = {isa = PBXBuildFile; fileRef = 55F33B3D219095B200E7767A /* rocks.jpg */; };
		55F498DA218B9216000A313C /* BetaViewController.swift in Sources */ = {isa = PBXBuildFile; fileRef = 55F498D9218B9216000A313C /* BetaViewController.swift */; };
		55F498DC218B923B000A313C /* ThetaViewController.swift in Sources */ = {isa = PBXBuildFile; fileRef = 55F498DB218B923B000A313C /* ThetaViewController.swift */; };
		B2F45C0C20BCDC0800C6F0EB /* AppDelegate.swift in Sources */ = {isa = PBXBuildFile; fileRef = B2F45C0B20BCDC0800C6F0EB /* AppDelegate.swift */; };
		B2F45C0E20BCDC0800C6F0EB /* AlphaViewController.swift in Sources */ = {isa = PBXBuildFile; fileRef = B2F45C0D20BCDC0800C6F0EB /* AlphaViewController.swift */; };
		B2F45C1120BCDC0800C6F0EB /* Main.storyboard in Resources */ = {isa = PBXBuildFile; fileRef = B2F45C0F20BCDC0800C6F0EB /* Main.storyboard */; };
		B2F45C1320BCDC0800C6F0EB /* Assets.xcassets in Resources */ = {isa = PBXBuildFile; fileRef = B2F45C1220BCDC0800C6F0EB /* Assets.xcassets */; };
		B2F45C1620BCDC0800C6F0EB /* LaunchScreen.storyboard in Resources */ = {isa = PBXBuildFile; fileRef = B2F45C1420BCDC0800C6F0EB /* LaunchScreen.storyboard */; };
		B2F45C2120BCDC0800C6F0EB /* binaural_beatsTests.swift in Sources */ = {isa = PBXBuildFile; fileRef = B2F45C2020BCDC0800C6F0EB /* binaural_beatsTests.swift */; };
		B2F45C2C20BCDC0900C6F0EB /* binaural_beatsUITests.swift in Sources */ = {isa = PBXBuildFile; fileRef = B2F45C2B20BCDC0900C6F0EB /* binaural_beatsUITests.swift */; };
/* End PBXBuildFile section */

/* Begin PBXContainerItemProxy section */
		B2F45C1D20BCDC0800C6F0EB /* PBXContainerItemProxy */ = {
			isa = PBXContainerItemProxy;
			containerPortal = B2F45C0020BCDC0800C6F0EB /* Project object */;
			proxyType = 1;
			remoteGlobalIDString = B2F45C0720BCDC0800C6F0EB;
			remoteInfo = "binaural beats";
		};
		B2F45C2820BCDC0800C6F0EB /* PBXContainerItemProxy */ = {
			isa = PBXContainerItemProxy;
			containerPortal = B2F45C0020BCDC0800C6F0EB /* Project object */;
			proxyType = 1;
			remoteGlobalIDString = B2F45C0720BCDC0800C6F0EB;
			remoteInfo = "binaural beats";
		};
/* End PBXContainerItemProxy section */

/* Begin PBXFileReference section */
		553B1EB62190AA8800E6B56C /* delta.png */ = {isa = PBXFileReference; lastKnownFileType = image.png; path = delta.png; sourceTree = "<group>"; };
		553B1EB82190C80C00E6B56C /* man_on_cliff.jpg */ = {isa = PBXFileReference; lastKnownFileType = image.jpeg; path = man_on_cliff.jpg; sourceTree = "<group>"; };
		55827E0A218FCCAA009DE4B5 /* theta.png */ = {isa = PBXFileReference; lastKnownFileType = image.png; path = theta.png; sourceTree = "<group>"; };
		55827E0B218FCCAB009DE4B5 /* gamma.png */ = {isa = PBXFileReference; lastKnownFileType = image.png; path = gamma.png; sourceTree = "<group>"; };
		55827E10218FCE17009DE4B5 /* alpha.png */ = {isa = PBXFileReference; lastKnownFileType = image.png; name = alpha.png; path = ../../../../../Downloads/alpha.png; sourceTree = "<group>"; };
		55827E11218FCE17009DE4B5 /* beta.png */ = {isa = PBXFileReference; lastKnownFileType = image.png; name = beta.png; path = ../../../../../Downloads/beta.png; sourceTree = "<group>"; };
		55827E14218FD968009DE4B5 /* background.jpg */ = {isa = PBXFileReference; lastKnownFileType = image.jpeg; path = background.jpg; sourceTree = "<group>"; };
		55F33B34219093E200E7767A /* water.jpg */ = {isa = PBXFileReference; lastKnownFileType = image.jpeg; path = water.jpg; sourceTree = "<group>"; };
		55F33B35219093E200E7767A /* space.jpg */ = {isa = PBXFileReference; lastKnownFileType = image.jpeg; path = space.jpg; sourceTree = "<group>"; };
		55F33B36219093E300E7767A /* wave.jpg */ = {isa = PBXFileReference; lastKnownFileType = image.jpeg; path = wave.jpg; sourceTree = "<group>"; };
		55F33B37219093E300E7767A /* splash.jpg */ = {isa = PBXFileReference; lastKnownFileType = image.jpeg; path = splash.jpg; sourceTree = "<group>"; };
		55F33B3C219095B100E7767A /* flower.jpg */ = {isa = PBXFileReference; lastKnownFileType = image.jpeg; path = flower.jpg; sourceTree = "<group>"; };
		55F33B3D219095B200E7767A /* rocks.jpg */ = {isa = PBXFileReference; lastKnownFileType = image.jpeg; path = rocks.jpg; sourceTree = "<group>"; };
		55F498D9218B9216000A313C /* BetaViewController.swift */ = {isa = PBXFileReference; lastKnownFileType = sourcecode.swift; path = BetaViewController.swift; sourceTree = "<group>"; };
		55F498DB218B923B000A313C /* ThetaViewController.swift */ = {isa = PBXFileReference; lastKnownFileType = sourcecode.swift; path = ThetaViewController.swift; sourceTree = "<group>"; };
		B2F45C0820BCDC0800C6F0EB /* binaural beats.app */ = {isa = PBXFileReference; explicitFileType = wrapper.application; includeInIndex = 0; path = "binaural beats.app"; sourceTree = BUILT_PRODUCTS_DIR; };
		B2F45C0B20BCDC0800C6F0EB /* AppDelegate.swift */ = {isa = PBXFileReference; lastKnownFileType = sourcecode.swift; path = AppDelegate.swift; sourceTree = "<group>"; };
		B2F45C0D20BCDC0800C6F0EB /* AlphaViewController.swift */ = {isa = PBXFileReference; lastKnownFileType = sourcecode.swift; path = AlphaViewController.swift; sourceTree = "<group>"; };
		B2F45C1020BCDC0800C6F0EB /* Base */ = {isa = PBXFileReference; lastKnownFileType = file.storyboard; name = Base; path = Base.lproj/Main.storyboard; sourceTree = "<group>"; };
		B2F45C1220BCDC0800C6F0EB /* Assets.xcassets */ = {isa = PBXFileReference; lastKnownFileType = folder.assetcatalog; path = Assets.xcassets; sourceTree = "<group>"; };
		B2F45C1520BCDC0800C6F0EB /* Base */ = {isa = PBXFileReference; lastKnownFileType = file.storyboard; name = Base; path = Base.lproj/LaunchScreen.storyboard; sourceTree = "<group>"; };
		B2F45C1720BCDC0800C6F0EB /* Info.plist */ = {isa = PBXFileReference; lastKnownFileType = text.plist.xml; path = Info.plist; sourceTree = "<group>"; };
		B2F45C1C20BCDC0800C6F0EB /* binaural beatsTests.xctest */ = {isa = PBXFileReference; explicitFileType = wrapper.cfbundle; includeInIndex = 0; path = "binaural beatsTests.xctest"; sourceTree = BUILT_PRODUCTS_DIR; };
		B2F45C2020BCDC0800C6F0EB /* binaural_beatsTests.swift */ = {isa = PBXFileReference; lastKnownFileType = sourcecode.swift; path = binaural_beatsTests.swift; sourceTree = "<group>"; };
		B2F45C2220BCDC0800C6F0EB /* Info.plist */ = {isa = PBXFileReference; lastKnownFileType = text.plist.xml; path = Info.plist; sourceTree = "<group>"; };
		B2F45C2720BCDC0800C6F0EB /* binaural beatsUITests.xctest */ = {isa = PBXFileReference; explicitFileType = wrapper.cfbundle; includeInIndex = 0; path = "binaural beatsUITests.xctest"; sourceTree = BUILT_PRODUCTS_DIR; };
		B2F45C2B20BCDC0900C6F0EB /* binaural_beatsUITests.swift */ = {isa = PBXFileReference; lastKnownFileType = sourcecode.swift; path = binaural_beatsUITests.swift; sourceTree = "<group>"; };
		B2F45C2D20BCDC0900C6F0EB /* Info.plist */ = {isa = PBXFileReference; lastKnownFileType = text.plist.xml; path = Info.plist; sourceTree = "<group>"; };
/* End PBXFileReference section */

/* Begin PBXFrameworksBuildPhase section */
		B2F45C0520BCDC0800C6F0EB /* Frameworks */ = {
			isa = PBXFrameworksBuildPhase;
			buildActionMask = 2147483647;
			files = (
			);
			runOnlyForDeploymentPostprocessing = 0;
		};
		B2F45C1920BCDC0800C6F0EB /* Frameworks */ = {
			isa = PBXFrameworksBuildPhase;
			buildActionMask = 2147483647;
			files = (
			);
			runOnlyForDeploymentPostprocessing = 0;
		};
		B2F45C2420BCDC0800C6F0EB /* Frameworks */ = {
			isa = PBXFrameworksBuildPhase;
			buildActionMask = 2147483647;
			files = (
			);
			runOnlyForDeploymentPostprocessing = 0;
		};
/* End PBXFrameworksBuildPhase section */

/* Begin PBXGroup section */
		B2F45BFF20BCDC0800C6F0EB = {
			isa = PBXGroup;
			children = (
				B2F45C0A20BCDC0800C6F0EB /* binaural beats */,
				B2F45C1F20BCDC0800C6F0EB /* binaural beatsTests */,
				B2F45C2A20BCDC0900C6F0EB /* binaural beatsUITests */,
				B2F45C0920BCDC0800C6F0EB /* Products */,
			);
			sourceTree = "<group>";
		};
		B2F45C0920BCDC0800C6F0EB /* Products */ = {
			isa = PBXGroup;
			children = (
				B2F45C0820BCDC0800C6F0EB /* binaural beats.app */,
				B2F45C1C20BCDC0800C6F0EB /* binaural beatsTests.xctest */,
				B2F45C2720BCDC0800C6F0EB /* binaural beatsUITests.xctest */,
			);
			name = Products;
			sourceTree = "<group>";
		};
		B2F45C0A20BCDC0800C6F0EB /* binaural beats */ = {
			isa = PBXGroup;
			children = (
				B2F45C0B20BCDC0800C6F0EB /* AppDelegate.swift */,
				B2F45C0D20BCDC0800C6F0EB /* AlphaViewController.swift */,
				55F498D9218B9216000A313C /* BetaViewController.swift */,
				55F498DB218B923B000A313C /* ThetaViewController.swift */,
				B2F45C0F20BCDC0800C6F0EB /* Main.storyboard */,
				B2F45C1220BCDC0800C6F0EB /* Assets.xcassets */,
				55827E10218FCE17009DE4B5 /* alpha.png */,
				553B1EB82190C80C00E6B56C /* man_on_cliff.jpg */,
				55827E11218FCE17009DE4B5 /* beta.png */,
				55F33B35219093E200E7767A /* space.jpg */,
				55F33B3C219095B100E7767A /* flower.jpg */,
				553B1EB62190AA8800E6B56C /* delta.png */,
				55F33B3D219095B200E7767A /* rocks.jpg */,
				55F33B37219093E300E7767A /* splash.jpg */,
				55F33B34219093E200E7767A /* water.jpg */,
				55F33B36219093E300E7767A /* wave.jpg */,
				55827E0B218FCCAB009DE4B5 /* gamma.png */,
				55827E14218FD968009DE4B5 /* background.jpg */,
				55827E0A218FCCAA009DE4B5 /* theta.png */,
				B2F45C1420BCDC0800C6F0EB /* LaunchScreen.storyboard */,
				B2F45C1720BCDC0800C6F0EB /* Info.plist */,
			);
			path = "binaural beats";
			sourceTree = "<group>";
		};
		B2F45C1F20BCDC0800C6F0EB /* binaural beatsTests */ = {
			isa = PBXGroup;
			children = (
				B2F45C2020BCDC0800C6F0EB /* binaural_beatsTests.swift */,
				B2F45C2220BCDC0800C6F0EB /* Info.plist */,
			);
			path = "binaural beatsTests";
			sourceTree = "<group>";
		};
		B2F45C2A20BCDC0900C6F0EB /* binaural beatsUITests */ = {
			isa = PBXGroup;
			children = (
				B2F45C2B20BCDC0900C6F0EB /* binaural_beatsUITests.swift */,
				B2F45C2D20BCDC0900C6F0EB /* Info.plist */,
			);
			path = "binaural beatsUITests";
			sourceTree = "<group>";
		};
/* End PBXGroup section */

/* Begin PBXNativeTarget section */
		B2F45C0720BCDC0800C6F0EB /* binaural beats */ = {
			isa = PBXNativeTarget;
			buildConfigurationList = B2F45C3020BCDC0900C6F0EB /* Build configuration list for PBXNativeTarget "binaural beats" */;
			buildPhases = (
				B2F45C0420BCDC0800C6F0EB /* Sources */,
				B2F45C0520BCDC0800C6F0EB /* Frameworks */,
				B2F45C0620BCDC0800C6F0EB /* Resources */,
			);
			buildRules = (
			);
			dependencies = (
			);
			name = "binaural beats";
			productName = "binaural beats";
			productReference = B2F45C0820BCDC0800C6F0EB /* binaural beats.app */;
			productType = "com.apple.product-type.application";
		};
		B2F45C1B20BCDC0800C6F0EB /* binaural beatsTests */ = {
			isa = PBXNativeTarget;
			buildConfigurationList = B2F45C3320BCDC0900C6F0EB /* Build configuration list for PBXNativeTarget "binaural beatsTests" */;
			buildPhases = (
				B2F45C1820BCDC0800C6F0EB /* Sources */,
				B2F45C1920BCDC0800C6F0EB /* Frameworks */,
				B2F45C1A20BCDC0800C6F0EB /* Resources */,
			);
			buildRules = (
			);
			dependencies = (
				B2F45C1E20BCDC0800C6F0EB /* PBXTargetDependency */,
			);
			name = "binaural beatsTests";
			productName = "binaural beatsTests";
			productReference = B2F45C1C20BCDC0800C6F0EB /* binaural beatsTests.xctest */;
			productType = "com.apple.product-type.bundle.unit-test";
		};
		B2F45C2620BCDC0800C6F0EB /* binaural beatsUITests */ = {
			isa = PBXNativeTarget;
			buildConfigurationList = B2F45C3620BCDC0900C6F0EB /* Build configuration list for PBXNativeTarget "binaural beatsUITests" */;
			buildPhases = (
				B2F45C2320BCDC0800C6F0EB /* Sources */,
				B2F45C2420BCDC0800C6F0EB /* Frameworks */,
				B2F45C2520BCDC0800C6F0EB /* Resources */,
			);
			buildRules = (
			);
			dependencies = (
				B2F45C2920BCDC0800C6F0EB /* PBXTargetDependency */,
			);
			name = "binaural beatsUITests";
			productName = "binaural beatsUITests";
			productReference = B2F45C2720BCDC0800C6F0EB /* binaural beatsUITests.xctest */;
			productType = "com.apple.product-type.bundle.ui-testing";
		};
/* End PBXNativeTarget section */

/* Begin PBXProject section */
		B2F45C0020BCDC0800C6F0EB /* Project object */ = {
			isa = PBXProject;
			attributes = {
				LastSwiftUpdateCheck = 0920;
				LastUpgradeCheck = 0920;
				ORGANIZATIONNAME = "Johnny Choi";
				TargetAttributes = {
					B2F45C0720BCDC0800C6F0EB = {
						CreatedOnToolsVersion = 9.2;
						ProvisioningStyle = Automatic;
						SystemCapabilities = {
							com.apple.BackgroundModes = {
								enabled = 1;
							};
						};
					};
					B2F45C1B20BCDC0800C6F0EB = {
						CreatedOnToolsVersion = 9.2;
						ProvisioningStyle = Automatic;
						TestTargetID = B2F45C0720BCDC0800C6F0EB;
					};
					B2F45C2620BCDC0800C6F0EB = {
						CreatedOnToolsVersion = 9.2;
						ProvisioningStyle = Automatic;
						TestTargetID = B2F45C0720BCDC0800C6F0EB;
					};
				};
			};
			buildConfigurationList = B2F45C0320BCDC0800C6F0EB /* Build configuration list for PBXProject "binaural beats" */;
			compatibilityVersion = "Xcode 8.0";
			developmentRegion = en;
			hasScannedForEncodings = 0;
			knownRegions = (
				en,
				Base,
			);
			mainGroup = B2F45BFF20BCDC0800C6F0EB;
			productRefGroup = B2F45C0920BCDC0800C6F0EB /* Products */;
			projectDirPath = "";
			projectRoot = "";
			targets = (
				B2F45C0720BCDC0800C6F0EB /* binaural beats */,
				B2F45C1B20BCDC0800C6F0EB /* binaural beatsTests */,
				B2F45C2620BCDC0800C6F0EB /* binaural beatsUITests */,
			);
		};
/* End PBXProject section */

/* Begin PBXResourcesBuildPhase section */
		B2F45C0620BCDC0800C6F0EB /* Resources */ = {
			isa = PBXResourcesBuildPhase;
			buildActionMask = 2147483647;
			files = (
				55F33B3B219093E400E7767A /* splash.jpg in Resources */,
				55827E0F218FCCAB009DE4B5 /* gamma.png in Resources */,
				55F33B3F219095B200E7767A /* rocks.jpg in Resources */,
				55F33B3E219095B200E7767A /* flower.jpg in Resources */,
				55827E15218FD968009DE4B5 /* background.jpg in Resources */,
				55F33B39219093E400E7767A /* space.jpg in Resources */,
				553B1EB92190C80D00E6B56C /* man_on_cliff.jpg in Resources */,
				55F33B38219093E400E7767A /* water.jpg in Resources */,
				B2F45C1620BCDC0800C6F0EB /* LaunchScreen.storyboard in Resources */,
				55F33B3A219093E400E7767A /* wave.jpg in Resources */,
				55827E13218FCE17009DE4B5 /* beta.png in Resources */,
				55827E12218FCE17009DE4B5 /* alpha.png in Resources */,
				55827E0E218FCCAB009DE4B5 /* theta.png in Resources */,
				B2F45C1320BCDC0800C6F0EB /* Assets.xcassets in Resources */,
				553B1EB72190AA8800E6B56C /* delta.png in Resources */,
				B2F45C1120BCDC0800C6F0EB /* Main.storyboard in Resources */,
			);
			runOnlyForDeploymentPostprocessing = 0;
		};
		B2F45C1A20BCDC0800C6F0EB /* Resources */ = {
			isa = PBXResourcesBuildPhase;
			buildActionMask = 2147483647;
			files = (
			);
			runOnlyForDeploymentPostprocessing = 0;
		};
		B2F45C2520BCDC0800C6F0EB /* Resources */ = {
			isa = PBXResourcesBuildPhase;
			buildActionMask = 2147483647;
			files = (
			);
			runOnlyForDeploymentPostprocessing = 0;
		};
/* End PBXResourcesBuildPhase section */

/* Begin PBXSourcesBuildPhase section */
		B2F45C0420BCDC0800C6F0EB /* Sources */ = {
			isa = PBXSourcesBuildPhase;
			buildActionMask = 2147483647;
			files = (
				55F498DA218B9216000A313C /* BetaViewController.swift in Sources */,
				55F498DC218B923B000A313C /* ThetaViewController.swift in Sources */,
				B2F45C0E20BCDC0800C6F0EB /* AlphaViewController.swift in Sources */,
				B2F45C0C20BCDC0800C6F0EB /* AppDelegate.swift in Sources */,
			);
			runOnlyForDeploymentPostprocessing = 0;
		};
		B2F45C1820BCDC0800C6F0EB /* Sources */ = {
			isa = PBXSourcesBuildPhase;
			buildActionMask = 2147483647;
			files = (
				B2F45C2120BCDC0800C6F0EB /* binaural_beatsTests.swift in Sources */,
			);
			runOnlyForDeploymentPostprocessing = 0;
		};
		B2F45C2320BCDC0800C6F0EB /* Sources */ = {
			isa = PBXSourcesBuildPhase;
			buildActionMask = 2147483647;
			files = (
				B2F45C2C20BCDC0900C6F0EB /* binaural_beatsUITests.swift in Sources */,
			);
			runOnlyForDeploymentPostprocessing = 0;
		};
/* End PBXSourcesBuildPhase section */

/* Begin PBXTargetDependency section */
		B2F45C1E20BCDC0800C6F0EB /* PBXTargetDependency */ = {
			isa = PBXTargetDependency;
			target = B2F45C0720BCDC0800C6F0EB /* binaural beats */;
			targetProxy = B2F45C1D20BCDC0800C6F0EB /* PBXContainerItemProxy */;
		};
		B2F45C2920BCDC0800C6F0EB /* PBXTargetDependency */ = {
			isa = PBXTargetDependency;
			target = B2F45C0720BCDC0800C6F0EB /* binaural beats */;
			targetProxy = B2F45C2820BCDC0800C6F0EB /* PBXContainerItemProxy */;
		};
/* End PBXTargetDependency section */

/* Begin PBXVariantGroup section */
		B2F45C0F20BCDC0800C6F0EB /* Main.storyboard */ = {
			isa = PBXVariantGroup;
			children = (
				B2F45C1020BCDC0800C6F0EB /* Base */,
			);
			name = Main.storyboard;
			sourceTree = "<group>";
		};
		B2F45C1420BCDC0800C6F0EB /* LaunchScreen.storyboard */ = {
			isa = PBXVariantGroup;
			children = (
				B2F45C1520BCDC0800C6F0EB /* Base */,
			);
			name = LaunchScreen.storyboard;
			sourceTree = "<group>";
		};
/* End PBXVariantGroup section */

/* Begin XCBuildConfiguration section */
		B2F45C2E20BCDC0900C6F0EB /* Debug */ = {
			isa = XCBuildConfiguration;
			buildSettings = {
				ALWAYS_SEARCH_USER_PATHS = NO;
				CLANG_ANALYZER_NONNULL = YES;
				CLANG_ANALYZER_NUMBER_OBJECT_CONVERSION = YES_AGGRESSIVE;
				CLANG_CXX_LANGUAGE_STANDARD = "gnu++14";
				CLANG_CXX_LIBRARY = "libc++";
				CLANG_ENABLE_MODULES = YES;
				CLANG_ENABLE_OBJC_ARC = YES;
				CLANG_WARN_BLOCK_CAPTURE_AUTORELEASING = YES;
				CLANG_WARN_BOOL_CONVERSION = YES;
				CLANG_WARN_COMMA = YES;
				CLANG_WARN_CONSTANT_CONVERSION = YES;
				CLANG_WARN_DIRECT_OBJC_ISA_USAGE = YES_ERROR;
				CLANG_WARN_DOCUMENTATION_COMMENTS = YES;
				CLANG_WARN_EMPTY_BODY = YES;
				CLANG_WARN_ENUM_CONVERSION = YES;
				CLANG_WARN_INFINITE_RECURSION = YES;
				CLANG_WARN_INT_CONVERSION = YES;
				CLANG_WARN_NON_LITERAL_NULL_CONVERSION = YES;
				CLANG_WARN_OBJC_LITERAL_CONVERSION = YES;
				CLANG_WARN_OBJC_ROOT_CLASS = YES_ERROR;
				CLANG_WARN_RANGE_LOOP_ANALYSIS = YES;
				CLANG_WARN_STRICT_PROTOTYPES = YES;
				CLANG_WARN_SUSPICIOUS_MOVE = YES;
				CLANG_WARN_UNGUARDED_AVAILABILITY = YES_AGGRESSIVE;
				CLANG_WARN_UNREACHABLE_CODE = YES;
				CLANG_WARN__DUPLICATE_METHOD_MATCH = YES;
				CODE_SIGN_IDENTITY = "iPhone Developer";
				COPY_PHASE_STRIP = NO;
				DEBUG_INFORMATION_FORMAT = dwarf;
				ENABLE_STRICT_OBJC_MSGSEND = YES;
				ENABLE_TESTABILITY = YES;
				GCC_C_LANGUAGE_STANDARD = gnu11;
				GCC_DYNAMIC_NO_PIC = NO;
				GCC_NO_COMMON_BLOCKS = YES;
				GCC_OPTIMIZATION_LEVEL = 0;
				GCC_PREPROCESSOR_DEFINITIONS = (
					"DEBUG=1",
					"$(inherited)",
				);
				GCC_WARN_64_TO_32_BIT_CONVERSION = YES;
				GCC_WARN_ABOUT_RETURN_TYPE = YES_ERROR;
				GCC_WARN_UNDECLARED_SELECTOR = YES;
				GCC_WARN_UNINITIALIZED_AUTOS = YES_AGGRESSIVE;
				GCC_WARN_UNUSED_FUNCTION = YES;
				GCC_WARN_UNUSED_VARIABLE = YES;
				IPHONEOS_DEPLOYMENT_TARGET = 11.2;
				MTL_ENABLE_DEBUG_INFO = YES;
				ONLY_ACTIVE_ARCH = YES;
				SDKROOT = iphoneos;
				SWIFT_ACTIVE_COMPILATION_CONDITIONS = DEBUG;
				SWIFT_OPTIMIZATION_LEVEL = "-Onone";
			};
			name = Debug;
		};
		B2F45C2F20BCDC0900C6F0EB /* Release */ = {
			isa = XCBuildConfiguration;
			buildSettings = {
				ALWAYS_SEARCH_USER_PATHS = NO;
				CLANG_ANALYZER_NONNULL = YES;
				CLANG_ANALYZER_NUMBER_OBJECT_CONVERSION = YES_AGGRESSIVE;
				CLANG_CXX_LANGUAGE_STANDARD = "gnu++14";
				CLANG_CXX_LIBRARY = "libc++";
				CLANG_ENABLE_MODULES = YES;
				CLANG_ENABLE_OBJC_ARC = YES;
				CLANG_WARN_BLOCK_CAPTURE_AUTORELEASING = YES;
				CLANG_WARN_BOOL_CONVERSION = YES;
				CLANG_WARN_COMMA = YES;
				CLANG_WARN_CONSTANT_CONVERSION = YES;
				CLANG_WARN_DIRECT_OBJC_ISA_USAGE = YES_ERROR;
				CLANG_WARN_DOCUMENTATION_COMMENTS = YES;
				CLANG_WARN_EMPTY_BODY = YES;
				CLANG_WARN_ENUM_CONVERSION = YES;
				CLANG_WARN_INFINITE_RECURSION = YES;
				CLANG_WARN_INT_CONVERSION = YES;
				CLANG_WARN_NON_LITERAL_NULL_CONVERSION = YES;
				CLANG_WARN_OBJC_LITERAL_CONVERSION = YES;
				CLANG_WARN_OBJC_ROOT_CLASS = YES_ERROR;
				CLANG_WARN_RANGE_LOOP_ANALYSIS = YES;
				CLANG_WARN_STRICT_PROTOTYPES = YES;
				CLANG_WARN_SUSPICIOUS_MOVE = YES;
				CLANG_WARN_UNGUARDED_AVAILABILITY = YES_AGGRESSIVE;
				CLANG_WARN_UNREACHABLE_CODE = YES;
				CLANG_WARN__DUPLICATE_METHOD_MATCH = YES;
				CODE_SIGN_IDENTITY = "iPhone Developer";
				COPY_PHASE_STRIP = NO;
				DEBUG_INFORMATION_FORMAT = "dwarf-with-dsym";
				ENABLE_NS_ASSERTIONS = NO;
				ENABLE_STRICT_OBJC_MSGSEND = YES;
				GCC_C_LANGUAGE_STANDARD = gnu11;
				GCC_NO_COMMON_BLOCKS = YES;
				GCC_WARN_64_TO_32_BIT_CONVERSION = YES;
				GCC_WARN_ABOUT_RETURN_TYPE = YES_ERROR;
				GCC_WARN_UNDECLARED_SELECTOR = YES;
				GCC_WARN_UNINITIALIZED_AUTOS = YES_AGGRESSIVE;
				GCC_WARN_UNUSED_FUNCTION = YES;
				GCC_WARN_UNUSED_VARIABLE = YES;
				IPHONEOS_DEPLOYMENT_TARGET = 11.2;
				MTL_ENABLE_DEBUG_INFO = NO;
				SDKROOT = iphoneos;
				SWIFT_OPTIMIZATION_LEVEL = "-Owholemodule";
				VALIDATE_PRODUCT = YES;
			};
			name = Release;
		};
		B2F45C3120BCDC0900C6F0EB /* Debug */ = {
			isa = XCBuildConfiguration;
			buildSettings = {
				ASSETCATALOG_COMPILER_APPICON_NAME = AppIcon;
				CODE_SIGN_STYLE = Automatic;
				DEVELOPMENT_TEAM = 922GYPUENB;
				INFOPLIST_FILE = "binaural beats/Info.plist";
				IPHONEOS_DEPLOYMENT_TARGET = 10.1;
				LD_RUNPATH_SEARCH_PATHS = "$(inherited) @executable_path/Frameworks";
				PRODUCT_BUNDLE_IDENTIFIER = "jin.binaural-beats";
				PRODUCT_NAME = "$(TARGET_NAME)";
				SWIFT_VERSION = 4.0;
				TARGETED_DEVICE_FAMILY = "1,2";
			};
			name = Debug;
		};
		B2F45C3220BCDC0900C6F0EB /* Release */ = {
			isa = XCBuildConfiguration;
			buildSettings = {
				ASSETCATALOG_COMPILER_APPICON_NAME = AppIcon;
				CODE_SIGN_STYLE = Automatic;
				DEVELOPMENT_TEAM = 922GYPUENB;
				INFOPLIST_FILE = "binaural beats/Info.plist";
				IPHONEOS_DEPLOYMENT_TARGET = 10.1;
				LD_RUNPATH_SEARCH_PATHS = "$(inherited) @executable_path/Frameworks";
				PRODUCT_BUNDLE_IDENTIFIER = "jin.binaural-beats";
				PRODUCT_NAME = "$(TARGET_NAME)";
				SWIFT_VERSION = 4.0;
				TARGETED_DEVICE_FAMILY = "1,2";
			};
			name = Release;
		};
		B2F45C3420BCDC0900C6F0EB /* Debug */ = {
			isa = XCBuildConfiguration;
			buildSettings = {
				ALWAYS_EMBED_SWIFT_STANDARD_LIBRARIES = YES;
				BUNDLE_LOADER = "$(TEST_HOST)";
				CODE_SIGN_STYLE = Automatic;
				DEVELOPMENT_TEAM = 922GYPUENB;
				INFOPLIST_FILE = "binaural beatsTests/Info.plist";
				LD_RUNPATH_SEARCH_PATHS = "$(inherited) @executable_path/Frameworks @loader_path/Frameworks";
				PRODUCT_BUNDLE_IDENTIFIER = "jin.binaural-beatsTests";
				PRODUCT_NAME = "$(TARGET_NAME)";
				SWIFT_VERSION = 4.0;
				TARGETED_DEVICE_FAMILY = "1,2";
				TEST_HOST = "$(BUILT_PRODUCTS_DIR)/binaural beats.app/binaural beats";
			};
			name = Debug;
		};
		B2F45C3520BCDC0900C6F0EB /* Release */ = {
			isa = XCBuildConfiguration;
			buildSettings = {
				ALWAYS_EMBED_SWIFT_STANDARD_LIBRARIES = YES;
				BUNDLE_LOADER = "$(TEST_HOST)";
				CODE_SIGN_STYLE = Automatic;
				DEVELOPMENT_TEAM = 922GYPUENB;
				INFOPLIST_FILE = "binaural beatsTests/Info.plist";
				LD_RUNPATH_SEARCH_PATHS = "$(inherited) @executable_path/Frameworks @loader_path/Frameworks";
				PRODUCT_BUNDLE_IDENTIFIER = "jin.binaural-beatsTests";
				PRODUCT_NAME = "$(TARGET_NAME)";
				SWIFT_VERSION = 4.0;
				TARGETED_DEVICE_FAMILY = "1,2";
				TEST_HOST = "$(BUILT_PRODUCTS_DIR)/binaural beats.app/binaural beats";
			};
			name = Release;
		};
		B2F45C3720BCDC0900C6F0EB /* Debug */ = {
			isa = XCBuildConfiguration;
			buildSettings = {
				ALWAYS_EMBED_SWIFT_STANDARD_LIBRARIES = YES;
				CODE_SIGN_STYLE = Automatic;
				DEVELOPMENT_TEAM = 922GYPUENB;
				INFOPLIST_FILE = "binaural beatsUITests/Info.plist";
				LD_RUNPATH_SEARCH_PATHS = "$(inherited) @executable_path/Frameworks @loader_path/Frameworks";
				PRODUCT_BUNDLE_IDENTIFIER = "jin.binaural-beatsUITests";
				PRODUCT_NAME = "$(TARGET_NAME)";
				SWIFT_VERSION = 4.0;
				TARGETED_DEVICE_FAMILY = "1,2";
				TEST_TARGET_NAME = "binaural beats";
			};
			name = Debug;
		};
		B2F45C3820BCDC0900C6F0EB /* Release */ = {
			isa = XCBuildConfiguration;
			buildSettings = {
				ALWAYS_EMBED_SWIFT_STANDARD_LIBRARIES = YES;
				CODE_SIGN_STYLE = Automatic;
				DEVELOPMENT_TEAM = 922GYPUENB;
				INFOPLIST_FILE = "binaural beatsUITests/Info.plist";
				LD_RUNPATH_SEARCH_PATHS = "$(inherited) @executable_path/Frameworks @loader_path/Frameworks";
				PRODUCT_BUNDLE_IDENTIFIER = "jin.binaural-beatsUITests";
				PRODUCT_NAME = "$(TARGET_NAME)";
				SWIFT_VERSION = 4.0;
				TARGETED_DEVICE_FAMILY = "1,2";
				TEST_TARGET_NAME = "binaural beats";
			};
			name = Release;
		};
/* End XCBuildConfiguration section */

/* Begin XCConfigurationList section */
		B2F45C0320BCDC0800C6F0EB /* Build configuration list for PBXProject "binaural beats" */ = {
			isa = XCConfigurationList;
			buildConfigurations = (
				B2F45C2E20BCDC0900C6F0EB /* Debug */,
				B2F45C2F20BCDC0900C6F0EB /* Release */,
			);
			defaultConfigurationIsVisible = 0;
			defaultConfigurationName = Release;
		};
		B2F45C3020BCDC0900C6F0EB /* Build configuration list for PBXNativeTarget "binaural beats" */ = {
			isa = XCConfigurationList;
			buildConfigurations = (
				B2F45C3120BCDC0900C6F0EB /* Debug */,
				B2F45C3220BCDC0900C6F0EB /* Release */,
			);
			defaultConfigurationIsVisible = 0;
			defaultConfigurationName = Release;
		};
		B2F45C3320BCDC0900C6F0EB /* Build configuration list for PBXNativeTarget "binaural beatsTests" */ = {
			isa = XCConfigurationList;
			buildConfigurations = (
				B2F45C3420BCDC0900C6F0EB /* Debug */,
				B2F45C3520BCDC0900C6F0EB /* Release */,
			);
			defaultConfigurationIsVisible = 0;
			defaultConfigurationName = Release;
		};
		B2F45C3620BCDC0900C6F0EB /* Build configuration list for PBXNativeTarget "binaural beatsUITests" */ = {
			isa = XCConfigurationList;
			buildConfigurations = (
				B2F45C3720BCDC0900C6F0EB /* Debug */,
				B2F45C3820BCDC0900C6F0EB /* Release */,
			);
			defaultConfigurationIsVisible = 0;
			defaultConfigurationName = Release;
		};
/* End XCConfigurationList section */
	};
	rootObject = B2F45C0020BCDC0800C6F0EB /* Project object */;
}
